
Microsoft Visual Studio Solution File, Format Version 12.00
# Visual Studio 15
VisualStudioVersion = 15.0.27703.2042
MinimumVisualStudioVersion = 10.0.40219.1
Project("{FAE04EC0-301F-11D3-BF4B-00C04F79EFBC}") = "Propina.Android", "Propina\Propina.Android\Propina.Android.csproj", "{BBC8D450-F3B8-4CA4-9297-19EA486EF48F}"
EndProject
Project("{FAE04EC0-301F-11D3-BF4B-00C04F79EFBC}") = "Propina.iOS", "Propina\Propina.iOS\Propina.iOS.csproj", "{50F77667-B0A4-43CB-AFE4-5C46E3C00318}"
EndProject
Project("{FAE04EC0-301F-11D3-BF4B-00C04F79EFBC}") = "Propina", "Propina\Propina\Propina.csproj", "{CC701967-5A5F-47ED-8E27-47946DC3C4EB}"
EndProject
Global
	GlobalSection(SolutionConfigurationPlatforms) = preSolution
		Ad-Hoc|Any CPU = Ad-Hoc|Any CPU
		Ad-Hoc|iPhone = Ad-Hoc|iPhone
		Ad-Hoc|iPhoneSimulator = Ad-Hoc|iPhoneSimulator
		AppStore|Any CPU = AppStore|Any CPU
		AppStore|iPhone = AppStore|iPhone
		AppStore|iPhoneSimulator = AppStore|iPhoneSimulator
		Debug|Any CPU = Debug|Any CPU
		Debug|iPhone = Debug|iPhone
		Debug|iPhoneSimulator = Debug|iPhoneSimulator
		Release|Any CPU = Release|Any CPU
		Release|iPhone = Release|iPhone
		Release|iPhoneSimulator = Release|iPhoneSimulator
	EndGlobalSection
	GlobalSection(ProjectConfigurationPlatforms) = postSolution
		{BBC8D450-F3B8-4CA4-9297-19EA486EF48F}.Ad-Hoc|Any CPU.ActiveCfg = Release|Any CPU
		{BBC8D450-F3B8-4CA4-9297-19EA486EF48F}.Ad-Hoc|Any CPU.Build.0 = Release|Any CPU
		{BBC8D450-F3B8-4CA4-9297-19EA486EF48F}.Ad-Hoc|Any CPU.Deploy.0 = Release|Any CPU
		{BBC8D450-F3B8-4CA4-9297-19EA486EF48F}.Ad-Hoc|iPhone.ActiveCfg = Release|Any CPU
		{BBC8D450-F3B8-4CA4-9297-19EA486EF48F}.Ad-Hoc|iPhone.Build.0 = Release|Any CPU
		{BBC8D450-F3B8-4CA4-9297-19EA486EF48F}.Ad-Hoc|iPhone.Deploy.0 = Release|Any CPU
		{BBC8D450-F3B8-4CA4-9297-19EA486EF48F}.Ad-Hoc|iPhoneSimulator.ActiveCfg = Release|Any CPU
		{BBC8D450-F3B8-4CA4-9297-19EA486EF48F}.Ad-Hoc|iPhoneSimulator.Build.0 = Release|Any CPU
		{BBC8D450-F3B8-4CA4-9297-19EA486EF48F}.Ad-Hoc|iPhoneSimulator.Deploy.0 = Release|Any CPU
		{BBC8D450-F3B8-4CA4-9297-19EA486EF48F}.AppStore|Any CPU.ActiveCfg = Release|Any CPU
		{BBC8D450-F3B8-4CA4-9297-19EA486EF48F}.AppStore|Any CPU.Build.0 = Release|Any CPU
		{BBC8D450-F3B8-4CA4-9297-19EA486EF48F}.AppStore|Any CPU.Deploy.0 = Release|Any CPU
		{BBC8D450-F3B8-4CA4-9297-19EA486EF48F}.AppStore|iPhone.ActiveCfg = Release|Any CPU
		{BBC8D450-F3B8-4CA4-9297-19EA486EF48F}.AppStore|iPhone.Build.0 = Release|Any CPU
		{BBC8D450-F3B8-4CA4-9297-19EA486EF48F}.AppStore|iPhone.Deploy.0 = Release|Any CPU
		{BBC8D450-F3B8-4CA4-9297-19EA486EF48F}.AppStore|iPhoneSimulator.ActiveCfg = Release|Any CPU
		{BBC8D450-F3B8-4CA4-9297-19EA486EF48F}.AppStore|iPhoneSimulator.Build.0 = Release|Any CPU
		{BBC8D450-F3B8-4CA4-9297-19EA486EF48F}.AppStore|iPhoneSimulator.Deploy.0 = Release|Any CPU
		{BBC8D450-F3B8-4CA4-9297-19EA486EF48F}.Debug|Any CPU.ActiveCfg = Debug|Any CPU
		{BBC8D450-F3B8-4CA4-9297-19EA486EF48F}.Debug|Any CPU.Build.0 = Debug|Any CPU
		{BBC8D450-F3B8-4CA4-9297-19EA486EF48F}.Debug|Any CPU.Deploy.0 = Debug|Any CPU
		{BBC8D450-F3B8-4CA4-9297-19EA486EF48F}.Debug|iPhone.ActiveCfg = Debug|Any CPU
		{BBC8D450-F3B8-4CA4-9297-19EA486EF48F}.Debug|iPhone.Build.0 = Debug|Any CPU
		{BBC8D450-F3B8-4CA4-9297-19EA486EF48F}.Debug|iPhone.Deploy.0 = Debug|Any CPU
		{BBC8D450-F3B8-4CA4-9297-19EA486EF48F}.Debug|iPhoneSimulator.ActiveCfg = Debug|Any CPU
		{BBC8D450-F3B8-4CA4-9297-19EA486EF48F}.Debug|iPhoneSimulator.Build.0 = Debug|Any CPU
		{BBC8D450-F3B8-4CA4-9297-19EA486EF48F}.Debug|iPhoneSimulator.Deploy.0 = Debug|Any CPU
		{BBC8D450-F3B8-4CA4-9297-19EA486EF48F}.Release|Any CPU.ActiveCfg = Release|Any CPU
		{BBC8D450-F3B8-4CA4-9297-19EA486EF48F}.Release|Any CPU.Build.0 = Release|Any CPU
		{BBC8D450-F3B8-4CA4-9297-19EA486EF48F}.Release|Any CPU.Deploy.0 = Release|Any CPU
		{BBC8D450-F3B8-4CA4-9297-19EA486EF48F}.Release|iPhone.ActiveCfg = Release|Any CPU
		{BBC8D450-F3B8-4CA4-9297-19EA486EF48F}.Release|iPhone.Build.0 = Release|Any CPU
		{BBC8D450-F3B8-4CA4-9297-19EA486EF48F}.Release|iPhone.Deploy.0 = Release|Any CPU
		{BBC8D450-F3B8-4CA4-9297-19EA486EF48F}.Release|iPhoneSimulator.ActiveCfg = Release|Any CPU
		{BBC8D450-F3B8-4CA4-9297-19EA486EF48F}.Release|iPhoneSimulator.Build.0 = Release|Any CPU
		{BBC8D450-F3B8-4CA4-9297-19EA486EF48F}.Release|iPhoneSimulator.Deploy.0 = Release|Any CPU
		{50F77667-B0A4-43CB-AFE4-5C46E3C00318}.Ad-Hoc|Any CPU.ActiveCfg = Ad-Hoc|iPhone
		{50F77667-B0A4-43CB-AFE4-5C46E3C00318}.Ad-Hoc|Any CPU.Build.0 = Ad-Hoc|iPhone
		{50F77667-B0A4-43CB-AFE4-5C46E3C00318}.Ad-Hoc|Any CPU.Deploy.0 = Ad-Hoc|iPhone
		{50F77667-B0A4-43CB-AFE4-5C46E3C00318}.Ad-Hoc|iPhone.ActiveCfg = Ad-Hoc|iPhone
		{50F77667-B0A4-43CB-AFE4-5C46E3C00318}.Ad-Hoc|iPhone.Build.0 = Ad-Hoc|iPhone
		{50F77667-B0A4-43CB-AFE4-5C46E3C00318}.Ad-Hoc|iPhone.Deploy.0 = Ad-Hoc|iPhone
		{50F77667-B0A4-43CB-AFE4-5C46E3C00318}.Ad-Hoc|iPhoneSimulator.ActiveCfg = Ad-Hoc|iPhoneSimulator
		{50F77667-B0A4-43CB-AFE4-5C46E3C00318}.Ad-Hoc|iPhoneSimulator.Build.0 = Ad-Hoc|iPhoneSimulator
		{50F77667-B0A4-43CB-AFE4-5C46E3C00318}.Ad-Hoc|iPhoneSimulator.Deploy.0 = Ad-Hoc|iPhoneSimulator
		{50F77667-B0A4-43CB-AFE4-5C46E3C00318}.AppStore|Any CPU.ActiveCfg = AppStore|iPhone
		{50F77667-B0A4-43CB-AFE4-5C46E3C00318}.AppStore|Any CPU.Build.0 = AppStore|iPhone
		{50F77667-B0A4-43CB-AFE4-5C46E3C00318}.AppStore|Any CPU.Deploy.0 = AppStore|iPhone
		{50F77667-B0A4-43CB-AFE4-5C46E3C00318}.AppStore|iPhone.ActiveCfg = AppStore|iPhone
		{50F77667-B0A4-43CB-AFE4-5C46E3C00318}.AppStore|iPhone.Build.0 = AppStore|iPhone
		{50F77667-B0A4-43CB-AFE4-5C46E3C00318}.AppStore|iPhone.Deploy.0 = AppStore|iPhone
		{50F77667-B0A4-43CB-AFE4-5C46E3C00318}.AppStore|iPhoneSimulator.ActiveCfg = AppStore|iPhoneSimulator
		{50F77667-B0A4-43CB-AFE4-5C46E3C00318}.AppStore|iPhoneSimulator.Build.0 = AppStore|iPhoneSimulator
		{50F77667-B0A4-43CB-AFE4-5C46E3C00318}.AppStore|iPhoneSimulator.Deploy.0 = AppStore|iPhoneSimulator
		{50F77667-B0A4-43CB-AFE4-5C46E3C00318}.Debug|Any CPU.ActiveCfg = Debug|iPhoneSimulator
		{50F77667-B0A4-43CB-AFE4-5C46E3C00318}.Debug|Any CPU.Build.0 = Debug|iPhoneSimulator
		{50F77667-B0A4-43CB-AFE4-5C46E3C00318}.Debug|Any CPU.Deploy.0 = Debug|iPhoneSimulator
		{50F77667-B0A4-43CB-AFE4-5C46E3C00318}.Debug|iPhone.ActiveCfg = Debug|iPhone
		{50F77667-B0A4-43CB-AFE4-5C46E3C00318}.Debug|iPhone.Build.0 = Debug|iPhone
		{50F77667-B0A4-43CB-AFE4-5C46E3C00318}.Debug|iPhone.Deploy.0 = Debug|iPhone
		{50F77667-B0A4-43CB-AFE4-5C46E3C00318}.Debug|iPhoneSimulator.ActiveCfg = Debug|iPhoneSimulator
		{50F77667-B0A4-43CB-AFE4-5C46E3C00318}.Debug|iPhoneSimulator.Build.0 = Debug|iPhoneSimulator
		{50F77667-B0A4-43CB-AFE4-5C46E3C00318}.Debug|iPhoneSimulator.Deploy.0 = Debug|iPhoneSimulator
		{50F77667-B0A4-43CB-AFE4-5C46E3C00318}.Release|Any CPU.ActiveCfg = Release|iPhone
		{50F77667-B0A4-43CB-AFE4-5C46E3C00318}.Release|Any CPU.Build.0 = Release|iPhone
		{50F77667-B0A4-43CB-AFE4-5C46E3C00318}.Release|Any CPU.Deploy.0 = Release|iPhone
		{50F77667-B0A4-43CB-AFE4-5C46E3C00318}.Release|iPhone.ActiveCfg = Release|iPhone
		{50F77667-B0A4-43CB-AFE4-5C46E3C00318}.Release|iPhone.Build.0 = Release|iPhone
		{50F77667-B0A4-43CB-AFE4-5C46E3C00318}.Release|iPhone.Deploy.0 = Release|iPhone
		{50F77667-B0A4-43CB-AFE4-5C46E3C00318}.Release|iPhoneSimulator.ActiveCfg = Release|iPhoneSimulator
		{50F77667-B0A4-43CB-AFE4-5C46E3C00318}.Release|iPhoneSimulator.Build.0 = Release|iPhoneSimulator
		{50F77667-B0A4-43CB-AFE4-5C46E3C00318}.Release|iPhoneSimulator.Deploy.0 = Release|iPhoneSimulator
		{CC701967-5A5F-47ED-8E27-47946DC3C4EB}.Ad-Hoc|Any CPU.ActiveCfg = Debug|Any CPU
		{CC701967-5A5F-47ED-8E27-47946DC3C4EB}.Ad-Hoc|Any CPU.Build.0 = Debug|Any CPU
		{CC701967-5A5F-47ED-8E27-47946DC3C4EB}.Ad-Hoc|Any CPU.Deploy.0 = Debug|Any CPU
		{CC701967-5A5F-47ED-8E27-47946DC3C4EB}.Ad-Hoc|iPhone.ActiveCfg = Debug|Any CPU
		{CC701967-5A5F-47ED-8E27-47946DC3C4EB}.Ad-Hoc|iPhone.Build.0 = Debug|Any CPU
		{CC701967-5A5F-47ED-8E27-47946DC3C4EB}.Ad-Hoc|iPhone.Deploy.0 = Debug|Any CPU
		{CC701967-5A5F-47ED-8E27-47946DC3C4EB}.Ad-Hoc|iPhoneSimulator.ActiveCfg = Debug|Any CPU
		{CC701967-5A5F-47ED-8E27-47946DC3C4EB}.Ad-Hoc|iPhoneSimulator.Build.0 = Debug|Any CPU
		{CC701967-5A5F-47ED-8E27-47946DC3C4EB}.Ad-Hoc|iPhoneSimulator.Deploy.0 = Debug|Any CPU
		{CC701967-5A5F-47ED-8E27-47946DC3C4EB}.AppStore|Any CPU.ActiveCfg = Debug|Any CPU
		{CC701967-5A5F-47ED-8E27-47946DC3C4EB}.AppStore|Any CPU.Build.0 = Debug|Any CPU
		{CC701967-5A5F-47ED-8E27-47946DC3C4EB}.AppStore|Any CPU.Deploy.0 = Debug|Any CPU
		{CC701967-5A5F-47ED-8E27-47946DC3C4EB}.AppStore|iPhone.ActiveCfg = Debug|Any CPU
		{CC701967-5A5F-47ED-8E27-47946DC3C4EB}.AppStore|iPhone.Build.0 = Debug|Any CPU
		{CC701967-5A5F-47ED-8E27-47946DC3C4EB}.AppStore|iPhone.Deploy.0 = Debug|Any CPU
		{CC701967-5A5F-47ED-8E27-47946DC3C4EB}.AppStore|iPhoneSimulator.ActiveCfg = Debug|Any CPU
		{CC701967-5A5F-47ED-8E27-47946DC3C4EB}.AppStore|iPhoneSimulator.Build.0 = Debug|Any CPU
		{CC701967-5A5F-47ED-8E27-47946DC3C4EB}.AppStore|iPhoneSimulator.Deploy.0 = Debug|Any CPU
		{CC701967-5A5F-47ED-8E27-47946DC3C4EB}.Debug|Any CPU.ActiveCfg = Debug|Any CPU
		{CC701967-5A5F-47ED-8E27-47946DC3C4EB}.Debug|Any CPU.Build.0 = Debug|Any CPU
		{CC701967-5A5F-47ED-8E27-47946DC3C4EB}.Debug|Any CPU.Deploy.0 = Debug|Any CPU
		{CC701967-5A5F-47ED-8E27-47946DC3C4EB}.Debug|iPhone.ActiveCfg = Debug|Any CPU
		{CC701967-5A5F-47ED-8E27-47946DC3C4EB}.Debug|iPhone.Build.0 = Debug|Any CPU
		{CC701967-5A5F-47ED-8E27-47946DC3C4EB}.Debug|iPhone.Deploy.0 = Debug|Any CPU
		{CC701967-5A5F-47ED-8E27-47946DC3C4EB}.Debug|iPhoneSimulator.ActiveCfg = Debug|Any CPU
		{CC701967-5A5F-47ED-8E27-47946DC3C4EB}.Debug|iPhoneSimulator.Build.0 = Debug|Any CPU
		{CC701967-5A5F-47ED-8E27-47946DC3C4EB}.Debug|iPhoneSimulator.Deploy.0 = Debug|Any CPU
		{CC701967-5A5F-47ED-8E27-47946DC3C4EB}.Release|Any CPU.ActiveCfg = Release|Any CPU
		{CC701967-5A5F-47ED-8E27-47946DC3C4EB}.Release|Any CPU.Build.0 = Release|Any CPU
		{CC701967-5A5F-47ED-8E27-47946DC3C4EB}.Release|Any CPU.Deploy.0 = Release|Any CPU
		{CC701967-5A5F-47ED-8E27-47946DC3C4EB}.Release|iPhone.ActiveCfg = Release|Any CPU
		{CC701967-5A5F-47ED-8E27-47946DC3C4EB}.Release|iPhone.Build.0 = Release|Any CPU
		{CC701967-5A5F-47ED-8E27-47946DC3C4EB}.Release|iPhone.Deploy.0 = Release|Any CPU
		{CC701967-5A5F-47ED-8E27-47946DC3C4EB}.Release|iPhoneSimulator.ActiveCfg = Release|Any CPU
		{CC701967-5A5F-47ED-8E27-47946DC3C4EB}.Release|iPhoneSimulator.Build.0 = Release|Any CPU
		{CC701967-5A5F-47ED-8E27-47946DC3C4EB}.Release|iPhoneSimulator.Deploy.0 = Release|Any CPU
	EndGlobalSection
	GlobalSection(SolutionProperties) = preSolution
		HideSolutionNode = FALSE
	EndGlobalSection
	GlobalSection(ExtensibilityGlobals) = postSolution
		SolutionGuid = {6B082313-90E9-4561-B753-0C72C5951366}
	EndGlobalSection
EndGlobal
